
Microsoft Visual Studio Solution File, Format Version 12.00
# Visual Studio Version 17
VisualStudioVersion = 17.5.33530.505
MinimumVisualStudioVersion = 10.0.40219.1
Project("{FAE04EC0-301F-11D3-BF4B-00C04F79EFBC}") = "Game2048App", "Game2048App.csproj", "{C0CB5C61-75A9-4843-8CB5-F60DDD391879}"
EndProject
Global
	GlobalSection(SolutionConfigurationPlatforms) = preSolution
		Debug|Any CPU = Debug|Any CPU
		Release|Any CPU = Release|Any CPU
	EndGlobalSection
	GlobalSection(ProjectConfigurationPlatforms) = postSolution
		{C0CB5C61-75A9-4843-8CB5-F60DDD391879}.Debug|Any CPU.ActiveCfg = Debug|Any CPU
		{C0CB5C61-75A9-4843-8CB5-F60DDD391879}.Debug|Any CPU.Build.0 = Debug|Any CPU
		{C0CB5C61-75A9-4843-8CB5-F60DDD391879}.Release|Any CPU.ActiveCfg = Release|Any CPU
		{C0CB5C61-75A9-4843-8CB5-F60DDD391879}.Release|Any CPU.Build.0 = Release|Any CPU
	EndGlobalSection
	GlobalSection(SolutionProperties) = preSolution
		HideSolutionNode = FALSE
	EndGlobalSection
	GlobalSection(ExtensibilityGlobals) = postSolution
		SolutionGuid = {6D6FA0A0-B226-443A-9BF9-1F742754AE16}
	EndGlobalSection
EndGlobal
